
Microsoft Visual Studio Solution File, Format Version 12.00
# Visual Studio Version 16
VisualStudioVersion = 16.0.30309.148
MinimumVisualStudioVersion = 10.0.40219.1
Project("{FAE04EC0-301F-11D3-BF4B-00C04F79EFBC}") = "CollectionViewSample.UWP", "CollectionViewSample\CollectionViewSample.UWP\CollectionViewSample.UWP.csproj", "{B62BBDF7-A3EB-439E-8F86-71B36798DBB7}"
EndProject
Project("{FAE04EC0-301F-11D3-BF4B-00C04F79EFBC}") = "CollectionViewSample.Android", "CollectionViewSample\CollectionViewSample.Android\CollectionViewSample.Android.csproj", "{B433834E-8386-48D3-9E7C-179A3C385CCC}"
EndProject
Project("{FAE04EC0-301F-11D3-BF4B-00C04F79EFBC}") = "CollectionViewSample.iOS", "CollectionViewSample\CollectionViewSample.iOS\CollectionViewSample.iOS.csproj", "{EB70053B-0ACB-42AF-B551-A4C00CEF29B7}"
EndProject
Project("{FAE04EC0-301F-11D3-BF4B-00C04F79EFBC}") = "CollectionViewSample", "CollectionViewSample\CollectionViewSample\CollectionViewSample.csproj", "{4D851E99-1507-4E4C-8088-9AE403A65A62}"
EndProject
Global
	GlobalSection(SolutionConfigurationPlatforms) = preSolution
		Debug|Any CPU = Debug|Any CPU
		Debug|ARM = Debug|ARM
		Debug|iPhone = Debug|iPhone
		Debug|iPhoneSimulator = Debug|iPhoneSimulator
		Debug|x64 = Debug|x64
		Debug|x86 = Debug|x86
		Release|Any CPU = Release|Any CPU
		Release|ARM = Release|ARM
		Release|iPhone = Release|iPhone
		Release|iPhoneSimulator = Release|iPhoneSimulator
		Release|x64 = Release|x64
		Release|x86 = Release|x86
	EndGlobalSection
	GlobalSection(ProjectConfigurationPlatforms) = postSolution
		{B62BBDF7-A3EB-439E-8F86-71B36798DBB7}.Debug|Any CPU.ActiveCfg = Debug|x86
		{B62BBDF7-A3EB-439E-8F86-71B36798DBB7}.Debug|Any CPU.Build.0 = Debug|x86
		{B62BBDF7-A3EB-439E-8F86-71B36798DBB7}.Debug|Any CPU.Deploy.0 = Debug|x86
		{B62BBDF7-A3EB-439E-8F86-71B36798DBB7}.Debug|ARM.ActiveCfg = Debug|ARM
		{B62BBDF7-A3EB-439E-8F86-71B36798DBB7}.Debug|ARM.Build.0 = Debug|ARM
		{B62BBDF7-A3EB-439E-8F86-71B36798DBB7}.Debug|ARM.Deploy.0 = Debug|ARM
		{B62BBDF7-A3EB-439E-8F86-71B36798DBB7}.Debug|iPhone.ActiveCfg = Debug|x86
		{B62BBDF7-A3EB-439E-8F86-71B36798DBB7}.Debug|iPhone.Build.0 = Debug|x86
		{B62BBDF7-A3EB-439E-8F86-71B36798DBB7}.Debug|iPhone.Deploy.0 = Debug|x86
		{B62BBDF7-A3EB-439E-8F86-71B36798DBB7}.Debug|iPhoneSimulator.ActiveCfg = Debug|x86
		{B62BBDF7-A3EB-439E-8F86-71B36798DBB7}.Debug|iPhoneSimulator.Build.0 = Debug|x86
		{B62BBDF7-A3EB-439E-8F86-71B36798DBB7}.Debug|iPhoneSimulator.Deploy.0 = Debug|x86
		{B62BBDF7-A3EB-439E-8F86-71B36798DBB7}.Debug|x64.ActiveCfg = Debug|x64
		{B62BBDF7-A3EB-439E-8F86-71B36798DBB7}.Debug|x64.Build.0 = Debug|x64
		{B62BBDF7-A3EB-439E-8F86-71B36798DBB7}.Debug|x64.Deploy.0 = Debug|x64
		{B62BBDF7-A3EB-439E-8F86-71B36798DBB7}.Debug|x86.ActiveCfg = Debug|x86
		{B62BBDF7-A3EB-439E-8F86-71B36798DBB7}.Debug|x86.Build.0 = Debug|x86
		{B62BBDF7-A3EB-439E-8F86-71B36798DBB7}.Debug|x86.Deploy.0 = Debug|x86
		{B62BBDF7-A3EB-439E-8F86-71B36798DBB7}.Release|Any CPU.ActiveCfg = Release|x86
		{B62BBDF7-A3EB-439E-8F86-71B36798DBB7}.Release|Any CPU.Build.0 = Release|x86
		{B62BBDF7-A3EB-439E-8F86-71B36798DBB7}.Release|Any CPU.Deploy.0 = Release|x86
		{B62BBDF7-A3EB-439E-8F86-71B36798DBB7}.Release|ARM.ActiveCfg = Release|ARM
		{B62BBDF7-A3EB-439E-8F86-71B36798DBB7}.Release|ARM.Build.0 = Release|ARM
		{B62BBDF7-A3EB-439E-8F86-71B36798DBB7}.Release|ARM.Deploy.0 = Release|ARM
		{B62BBDF7-A3EB-439E-8F86-71B36798DBB7}.Release|iPhone.ActiveCfg = Release|x86
		{B62BBDF7-A3EB-439E-8F86-71B36798DBB7}.Release|iPhone.Build.0 = Release|x86
		{B62BBDF7-A3EB-439E-8F86-71B36798DBB7}.Release|iPhone.Deploy.0 = Release|x86
		{B62BBDF7-A3EB-439E-8F86-71B36798DBB7}.Release|iPhoneSimulator.ActiveCfg = Release|x86
		{B62BBDF7-A3EB-439E-8F86-71B36798DBB7}.Release|iPhoneSimulator.Build.0 = Release|x86
		{B62BBDF7-A3EB-439E-8F86-71B36798DBB7}.Release|iPhoneSimulator.Deploy.0 = Release|x86
		{B62BBDF7-A3EB-439E-8F86-71B36798DBB7}.Release|x64.ActiveCfg = Release|x64
		{B62BBDF7-A3EB-439E-8F86-71B36798DBB7}.Release|x64.Build.0 = Release|x64
		{B62BBDF7-A3EB-439E-8F86-71B36798DBB7}.Release|x64.Deploy.0 = Release|x64
		{B62BBDF7-A3EB-439E-8F86-71B36798DBB7}.Release|x86.ActiveCfg = Release|x86
		{B62BBDF7-A3EB-439E-8F86-71B36798DBB7}.Release|x86.Build.0 = Release|x86
		{B62BBDF7-A3EB-439E-8F86-71B36798DBB7}.Release|x86.Deploy.0 = Release|x86
		{B433834E-8386-48D3-9E7C-179A3C385CCC}.Debug|Any CPU.ActiveCfg = Debug|Any CPU
		{B433834E-8386-48D3-9E7C-179A3C385CCC}.Debug|Any CPU.Build.0 = Debug|Any CPU
		{B433834E-8386-48D3-9E7C-179A3C385CCC}.Debug|Any CPU.Deploy.0 = Debug|Any CPU
		{B433834E-8386-48D3-9E7C-179A3C385CCC}.Debug|ARM.ActiveCfg = Debug|Any CPU
		{B433834E-8386-48D3-9E7C-179A3C385CCC}.Debug|ARM.Build.0 = Debug|Any CPU
		{B433834E-8386-48D3-9E7C-179A3C385CCC}.Debug|ARM.Deploy.0 = Debug|Any CPU
		{B433834E-8386-48D3-9E7C-179A3C385CCC}.Debug|iPhone.ActiveCfg = Debug|Any CPU
		{B433834E-8386-48D3-9E7C-179A3C385CCC}.Debug|iPhone.Build.0 = Debug|Any CPU
		{B433834E-8386-48D3-9E7C-179A3C385CCC}.Debug|iPhone.Deploy.0 = Debug|Any CPU
		{B433834E-8386-48D3-9E7C-179A3C385CCC}.Debug|iPhoneSimulator.ActiveCfg = Debug|Any CPU
		{B433834E-8386-48D3-9E7C-179A3C385CCC}.Debug|iPhoneSimulator.Build.0 = Debug|Any CPU
		{B433834E-8386-48D3-9E7C-179A3C385CCC}.Debug|iPhoneSimulator.Deploy.0 = Debug|Any CPU
		{B433834E-8386-48D3-9E7C-179A3C385CCC}.Debug|x64.ActiveCfg = Debug|Any CPU
		{B433834E-8386-48D3-9E7C-179A3C385CCC}.Debug|x64.Build.0 = Debug|Any CPU
		{B433834E-8386-48D3-9E7C-179A3C385CCC}.Debug|x64.Deploy.0 = Debug|Any CPU
		{B433834E-8386-48D3-9E7C-179A3C385CCC}.Debug|x86.ActiveCfg = Debug|Any CPU
		{B433834E-8386-48D3-9E7C-179A3C385CCC}.Debug|x86.Build.0 = Debug|Any CPU
		{B433834E-8386-48D3-9E7C-179A3C385CCC}.Debug|x86.Deploy.0 = Debug|Any CPU
		{B433834E-8386-48D3-9E7C-179A3C385CCC}.Release|Any CPU.ActiveCfg = Release|Any CPU
		{B433834E-8386-48D3-9E7C-179A3C385CCC}.Release|Any CPU.Build.0 = Release|Any CPU
		{B433834E-8386-48D3-9E7C-179A3C385CCC}.Release|Any CPU.Deploy.0 = Release|Any CPU
		{B433834E-8386-48D3-9E7C-179A3C385CCC}.Release|ARM.ActiveCfg = Release|Any CPU
		{B433834E-8386-48D3-9E7C-179A3C385CCC}.Release|ARM.Build.0 = Release|Any CPU
		{B433834E-8386-48D3-9E7C-179A3C385CCC}.Release|ARM.Deploy.0 = Release|Any CPU
		{B433834E-8386-48D3-9E7C-179A3C385CCC}.Release|iPhone.ActiveCfg = Release|Any CPU
		{B433834E-8386-48D3-9E7C-179A3C385CCC}.Release|iPhone.Build.0 = Release|Any CPU
		{B433834E-8386-48D3-9E7C-179A3C385CCC}.Release|iPhone.Deploy.0 = Release|Any CPU
		{B433834E-8386-48D3-9E7C-179A3C385CCC}.Release|iPhoneSimulator.ActiveCfg = Release|Any CPU
		{B433834E-8386-48D3-9E7C-179A3C385CCC}.Release|iPhoneSimulator.Build.0 = Release|Any CPU
		{B433834E-8386-48D3-9E7C-179A3C385CCC}.Release|iPhoneSimulator.Deploy.0 = Release|Any CPU
		{B433834E-8386-48D3-9E7C-179A3C385CCC}.Release|x64.ActiveCfg = Release|Any CPU
		{B433834E-8386-48D3-9E7C-179A3C385CCC}.Release|x64.Build.0 = Release|Any CPU
		{B433834E-8386-48D3-9E7C-179A3C385CCC}.Release|x64.Deploy.0 = Release|Any CPU
		{B433834E-8386-48D3-9E7C-179A3C385CCC}.Release|x86.ActiveCfg = Release|Any CPU
		{B433834E-8386-48D3-9E7C-179A3C385CCC}.Release|x86.Build.0 = Release|Any CPU
		{B433834E-8386-48D3-9E7C-179A3C385CCC}.Release|x86.Deploy.0 = Release|Any CPU
		{EB70053B-0ACB-42AF-B551-A4C00CEF29B7}.Debug|Any CPU.ActiveCfg = Debug|iPhone
		{EB70053B-0ACB-42AF-B551-A4C00CEF29B7}.Debug|Any CPU.Build.0 = Debug|iPhone
		{EB70053B-0ACB-42AF-B551-A4C00CEF29B7}.Debug|Any CPU.Deploy.0 = Debug|iPhone
		{EB70053B-0ACB-42AF-B551-A4C00CEF29B7}.Debug|ARM.ActiveCfg = Debug|iPhone
		{EB70053B-0ACB-42AF-B551-A4C00CEF29B7}.Debug|ARM.Build.0 = Debug|iPhone
		{EB70053B-0ACB-42AF-B551-A4C00CEF29B7}.Debug|ARM.Deploy.0 = Debug|iPhone
		{EB70053B-0ACB-42AF-B551-A4C00CEF29B7}.Debug|iPhone.ActiveCfg = Debug|iPhone
		{EB70053B-0ACB-42AF-B551-A4C00CEF29B7}.Debug|iPhone.Build.0 = Debug|iPhone
		{EB70053B-0ACB-42AF-B551-A4C00CEF29B7}.Debug|iPhone.Deploy.0 = Debug|iPhone
		{EB70053B-0ACB-42AF-B551-A4C00CEF29B7}.Debug|iPhoneSimulator.ActiveCfg = Debug|iPhoneSimulator
		{EB70053B-0ACB-42AF-B551-A4C00CEF29B7}.Debug|iPhoneSimulator.Build.0 = Debug|iPhoneSimulator
		{EB70053B-0ACB-42AF-B551-A4C00CEF29B7}.Debug|iPhoneSimulator.Deploy.0 = Debug|iPhoneSimulator
		{EB70053B-0ACB-42AF-B551-A4C00CEF29B7}.Debug|x64.ActiveCfg = Debug|iPhone
		{EB70053B-0ACB-42AF-B551-A4C00CEF29B7}.Debug|x64.Build.0 = Debug|iPhone
		{EB70053B-0ACB-42AF-B551-A4C00CEF29B7}.Debug|x64.Deploy.0 = Debug|iPhone
		{EB70053B-0ACB-42AF-B551-A4C00CEF29B7}.Debug|x86.ActiveCfg = Debug|iPhone
		{EB70053B-0ACB-42AF-B551-A4C00CEF29B7}.Debug|x86.Build.0 = Debug|iPhone
		{EB70053B-0ACB-42AF-B551-A4C00CEF29B7}.Debug|x86.Deploy.0 = Debug|iPhone
		{EB70053B-0ACB-42AF-B551-A4C00CEF29B7}.Release|Any CPU.ActiveCfg = Release|iPhone
		{EB70053B-0ACB-42AF-B551-A4C00CEF29B7}.Release|Any CPU.Build.0 = Release|iPhone
		{EB70053B-0ACB-42AF-B551-A4C00CEF29B7}.Release|Any CPU.Deploy.0 = Release|iPhone
		{EB70053B-0ACB-42AF-B551-A4C00CEF29B7}.Release|ARM.ActiveCfg = Release|iPhone
		{EB70053B-0ACB-42AF-B551-A4C00CEF29B7}.Release|ARM.Build.0 = Release|iPhone
		{EB70053B-0ACB-42AF-B551-A4C00CEF29B7}.Release|ARM.Deploy.0 = Release|iPhone
		{EB70053B-0ACB-42AF-B551-A4C00CEF29B7}.Release|iPhone.ActiveCfg = Release|iPhone
		{EB70053B-0ACB-42AF-B551-A4C00CEF29B7}.Release|iPhone.Build.0 = Release|iPhone
		{EB70053B-0ACB-42AF-B551-A4C00CEF29B7}.Release|iPhone.Deploy.0 = Release|iPhone
		{EB70053B-0ACB-42AF-B551-A4C00CEF29B7}.Release|iPhoneSimulator.ActiveCfg = Release|iPhoneSimulator
		{EB70053B-0ACB-42AF-B551-A4C00CEF29B7}.Release|iPhoneSimulator.Build.0 = Release|iPhoneSimulator
		{EB70053B-0ACB-42AF-B551-A4C00CEF29B7}.Release|iPhoneSimulator.Deploy.0 = Release|iPhoneSimulator
		{EB70053B-0ACB-42AF-B551-A4C00CEF29B7}.Release|x64.ActiveCfg = Release|iPhone
		{EB70053B-0ACB-42AF-B551-A4C00CEF29B7}.Release|x64.Build.0 = Release|iPhone
		{EB70053B-0ACB-42AF-B551-A4C00CEF29B7}.Release|x64.Deploy.0 = Release|iPhone
		{EB70053B-0ACB-42AF-B551-A4C00CEF29B7}.Release|x86.ActiveCfg = Release|iPhone
		{EB70053B-0ACB-42AF-B551-A4C00CEF29B7}.Release|x86.Build.0 = Release|iPhone
		{EB70053B-0ACB-42AF-B551-A4C00CEF29B7}.Release|x86.Deploy.0 = Release|iPhone
		{4D851E99-1507-4E4C-8088-9AE403A65A62}.Debug|Any CPU.ActiveCfg = Debug|Any CPU
		{4D851E99-1507-4E4C-8088-9AE403A65A62}.Debug|Any CPU.Build.0 = Debug|Any CPU
		{4D851E99-1507-4E4C-8088-9AE403A65A62}.Debug|Any CPU.Deploy.0 = Debug|Any CPU
		{4D851E99-1507-4E4C-8088-9AE403A65A62}.Debug|ARM.ActiveCfg = Debug|Any CPU
		{4D851E99-1507-4E4C-8088-9AE403A65A62}.Debug|ARM.Build.0 = Debug|Any CPU
		{4D851E99-1507-4E4C-8088-9AE403A65A62}.Debug|ARM.Deploy.0 = Debug|Any CPU
		{4D851E99-1507-4E4C-8088-9AE403A65A62}.Debug|iPhone.ActiveCfg = Debug|Any CPU
		{4D851E99-1507-4E4C-8088-9AE403A65A62}.Debug|iPhone.Build.0 = Debug|Any CPU
		{4D851E99-1507-4E4C-8088-9AE403A65A62}.Debug|iPhone.Deploy.0 = Debug|Any CPU
		{4D851E99-1507-4E4C-8088-9AE403A65A62}.Debug|iPhoneSimulator.ActiveCfg = Debug|Any CPU
		{4D851E99-1507-4E4C-8088-9AE403A65A62}.Debug|iPhoneSimulator.Build.0 = Debug|Any CPU
		{4D851E99-1507-4E4C-8088-9AE403A65A62}.Debug|iPhoneSimulator.Deploy.0 = Debug|Any CPU
		{4D851E99-1507-4E4C-8088-9AE403A65A62}.Debug|x64.ActiveCfg = Debug|Any CPU
		{4D851E99-1507-4E4C-8088-9AE403A65A62}.Debug|x64.Build.0 = Debug|Any CPU
		{4D851E99-1507-4E4C-8088-9AE403A65A62}.Debug|x64.Deploy.0 = Debug|Any CPU
		{4D851E99-1507-4E4C-8088-9AE403A65A62}.Debug|x86.ActiveCfg = Debug|Any CPU
		{4D851E99-1507-4E4C-8088-9AE403A65A62}.Debug|x86.Build.0 = Debug|Any CPU
		{4D851E99-1507-4E4C-8088-9AE403A65A62}.Debug|x86.Deploy.0 = Debug|Any CPU
		{4D851E99-1507-4E4C-8088-9AE403A65A62}.Release|Any CPU.ActiveCfg = Release|Any CPU
		{4D851E99-1507-4E4C-8088-9AE403A65A62}.Release|Any CPU.Build.0 = Release|Any CPU
		{4D851E99-1507-4E4C-8088-9AE403A65A62}.Release|Any CPU.Deploy.0 = Release|Any CPU
		{4D851E99-1507-4E4C-8088-9AE403A65A62}.Release|ARM.ActiveCfg = Release|Any CPU
		{4D851E99-1507-4E4C-8088-9AE403A65A62}.Release|ARM.Build.0 = Release|Any CPU
		{4D851E99-1507-4E4C-8088-9AE403A65A62}.Release|ARM.Deploy.0 = Release|Any CPU
		{4D851E99-1507-4E4C-8088-9AE403A65A62}.Release|iPhone.ActiveCfg = Release|Any CPU
		{4D851E99-1507-4E4C-8088-9AE403A65A62}.Release|iPhone.Build.0 = Release|Any CPU
		{4D851E99-1507-4E4C-8088-9AE403A65A62}.Release|iPhone.Deploy.0 = Release|Any CPU
		{4D851E99-1507-4E4C-8088-9AE403A65A62}.Release|iPhoneSimulator.ActiveCfg = Release|Any CPU
		{4D851E99-1507-4E4C-8088-9AE403A65A62}.Release|iPhoneSimulator.Build.0 = Release|Any CPU
		{4D851E99-1507-4E4C-8088-9AE403A65A62}.Release|iPhoneSimulator.Deploy.0 = Release|Any CPU
		{4D851E99-1507-4E4C-8088-9AE403A65A62}.Release|x64.ActiveCfg = Release|Any CPU
		{4D851E99-1507-4E4C-8088-9AE403A65A62}.Release|x64.Build.0 = Release|Any CPU
		{4D851E99-1507-4E4C-8088-9AE403A65A62}.Release|x64.Deploy.0 = Release|Any CPU
		{4D851E99-1507-4E4C-8088-9AE403A65A62}.Release|x86.ActiveCfg = Release|Any CPU
		{4D851E99-1507-4E4C-8088-9AE403A65A62}.Release|x86.Build.0 = Release|Any CPU
		{4D851E99-1507-4E4C-8088-9AE403A65A62}.Release|x86.Deploy.0 = Release|Any CPU
	EndGlobalSection
	GlobalSection(SolutionProperties) = preSolution
		HideSolutionNode = FALSE
	EndGlobalSection
	GlobalSection(ExtensibilityGlobals) = postSolution
		SolutionGuid = {33882211-E3A4-4BA3-9901-BD46EEDF52AE}
	EndGlobalSection
EndGlobal
